
Microsoft Visual Studio Solution File, Format Version 12.00
# Visual Studio 15
Project("{FAE04EC0-301F-11D3-BF4B-00C04F79EFBC}") = "Assembly-CSharp", "Assembly-CSharp.csproj", "{D2A104BE-2097-23ED-7D2B-190C0F1BC74F}"
EndProject
Project("{FAE04EC0-301F-11D3-BF4B-00C04F79EFBC}") = "Assembly-CSharp-firstpass", "Assembly-CSharp-firstpass.csproj", "{2B4E51F8-54AB-116D-9E55-B203820BF4BB}"
EndProject
Project("{FAE04EC0-301F-11D3-BF4B-00C04F79EFBC}") = "Tests", "Tests.csproj", "{F2F4BE09-6ED5-3B51-7A1F-F0DC0FCE4532}"
EndProject
Global
	GlobalSection(SolutionConfigurationPlatforms) = preSolution
		Debug|Any CPU = Debug|Any CPU
		Release|Any CPU = Release|Any CPU
	EndGlobalSection
	GlobalSection(ProjectConfigurationPlatforms) = postSolution
		{D2A104BE-2097-23ED-7D2B-190C0F1BC74F}.Debug|Any CPU.ActiveCfg = Debug|Any CPU
		{D2A104BE-2097-23ED-7D2B-190C0F1BC74F}.Debug|Any CPU.Build.0 = Debug|Any CPU
		{D2A104BE-2097-23ED-7D2B-190C0F1BC74F}.Release|Any CPU.ActiveCfg = Release|Any CPU
		{D2A104BE-2097-23ED-7D2B-190C0F1BC74F}.Release|Any CPU.Build.0 = Release|Any CPU
		{2B4E51F8-54AB-116D-9E55-B203820BF4BB}.Debug|Any CPU.ActiveCfg = Debug|Any CPU
		{2B4E51F8-54AB-116D-9E55-B203820BF4BB}.Debug|Any CPU.Build.0 = Debug|Any CPU
		{2B4E51F8-54AB-116D-9E55-B203820BF4BB}.Release|Any CPU.ActiveCfg = Release|Any CPU
		{2B4E51F8-54AB-116D-9E55-B203820BF4BB}.Release|Any CPU.Build.0 = Release|Any CPU
		{F2F4BE09-6ED5-3B51-7A1F-F0DC0FCE4532}.Debug|Any CPU.ActiveCfg = Debug|Any CPU
		{F2F4BE09-6ED5-3B51-7A1F-F0DC0FCE4532}.Debug|Any CPU.Build.0 = Debug|Any CPU
		{F2F4BE09-6ED5-3B51-7A1F-F0DC0FCE4532}.Release|Any CPU.ActiveCfg = Release|Any CPU
		{F2F4BE09-6ED5-3B51-7A1F-F0DC0FCE4532}.Release|Any CPU.Build.0 = Release|Any CPU
	EndGlobalSection
	GlobalSection(SolutionProperties) = preSolution
		HideSolutionNode = FALSE
	EndGlobalSection
EndGlobal
